{
  "name": "@polar/client-dataportal",
  "lockfileVersion": 3,
  "requires": true,
  "packages": {
    "": {
      "name": "@polar/client-dataportal",
      "license": "EUPL-1.2",
      "dependencies": {
        "@polar/core": "*",
        "@polar/lib-custom-types": "*",
        "@polar/plugin-address-search": "*",
        "@polar/plugin-attributions": "*",
        "@polar/plugin-draw": "*",
        "@polar/plugin-export": "*",
        "@polar/plugin-fullscreen": "*",
        "@polar/plugin-geo-location": "*",
        "@polar/plugin-gfi": "*",
        "@polar/plugin-icon-menu": "*",
        "@polar/plugin-layer-chooser": "*",
        "@polar/plugin-legend": "*",
        "@polar/plugin-loading-indicator": "*",
        "@polar/plugin-pins": "*",
        "@polar/plugin-reverse-geocoder": "*",
        "@polar/plugin-scale": "*",
        "@polar/plugin-toast": "*",
        "@polar/plugin-zoom": "*"
      }
    },
    "../../components": {
      "name": "@polar/components",
      "version": "2.1.1",
      "license": "EUPL-1.2",
      "peerDependencies": {
        "@fortawesome/fontawesome-free": "^6.2.1",
        "vue": "^2.6.14",
        "vuetify": "^2.5.9",
        "vuex": "^3.6.2"
      }
    },
    "../../core": {
      "name": "@polar/core",
      "version": "1.4.1",
      "license": "EUPL-1.2",
      "dependencies": {
        "@fortawesome/fontawesome-free": "^6.2.1",
        "@masterportal/masterportalapi": "2.8.0",
        "@polar/components": "^2.0.0",
        "@polar/lib-get-cluster": "^1.0.0",
        "@polar/lib-idx": "^1.0.0",
        "@polar/lib-invisible-style": "^1.0.0",
        "@repositoryname/noop": "^1.0.6",
        "@repositoryname/vuex-generators": "^1.1.2",
        "hammerjs": "2.0.8",
        "i18next": "^23.7.16",
        "i18next-browser-languagedetector": "^7.2.0",
        "i18next-vue": "^1.1.0",
        "lodash.kebabcase": "^4.1.1",
        "lodash.merge": "^4.6.2",
        "olcs": "2.13.1",
        "vue": "^2.6.14",
        "vuetify": "^2.5.9",
        "vuex": "^3.6.2"
      },
      "devDependencies": {
        "@polar/lib-custom-types": "^1.4.0"
      },
      "peerDependencies": {
        "ol": "^7.1.0"
      }
    },
    "../../core/node_modules/@polar/components": {
      "resolved": "../../components",
      "link": true
    },
    "../../core/node_modules/@polar/lib-custom-types": {
      "resolved": "../../types/custom",
      "link": true
    },
    "../../core/node_modules/@polar/lib-get-cluster": {
      "resolved": "../../lib/getCluster",
      "link": true
    },
    "../../core/node_modules/@polar/lib-idx": {
      "resolved": "../../lib/idx",
      "link": true
    },
    "../../core/node_modules/@polar/lib-invisible-style": {
      "resolved": "../../lib/invisibleStyle",
      "link": true
    },
    "../../lib/getCluster": {
      "name": "@polar/lib-get-cluster",
      "version": "1.0.0",
      "license": "EUPL-1.2",
      "peerDependencies": {
        "ol": "^7.1.0"
      }
    },
    "../../lib/getFeatures": {
      "name": "@polar/lib-get-features",
      "version": "1.0.1",
      "license": "EUPL-1.2",
      "peerDependencies": {
        "ol": "^7.1.0"
      }
    },
    "../../lib/idx": {
      "name": "@polar/lib-idx",
      "version": "1.0.0",
      "license": "EUPL-1.2"
    },
    "../../lib/invisibleStyle": {
      "name": "@polar/lib-invisible-style",
      "version": "1.0.0",
      "license": "EUPL-1.2",
      "peerDependencies": {
        "ol": "^7.1.0"
      }
    },
    "../../lib/passesBoundaryCheck": {
      "name": "@polar/lib-passes-boundary-check",
      "version": "2.0.0",
      "dev": true,
      "license": "EUPL-1.2",
      "devDependencies": {
        "@polar/lib-custom-types": "^1.1.0"
      }
    },
    "../../lib/passesBoundaryCheck/node_modules/@polar/lib-custom-types": {
      "resolved": "../../types/custom",
      "link": true
    },
    "../../lib/testMountParameters": {
      "name": "@polar/lib-test-mount-parameters",
      "version": "1.2.1",
      "dev": true,
      "license": "EUPL-1.2",
      "devDependencies": {
        "@polar/lib-custom-types": "^1.4.1"
      }
    },
    "../../lib/testMountParameters/node_modules/@polar/lib-custom-types": {
      "resolved": "../../types/custom",
      "link": true
    },
    "../../lib/tooltip": {
      "name": "@polar/lib-tooltip",
      "version": "1.0.0",
      "dev": true,
      "license": "EUPL-1.2",
      "peerDependencies": {
        "i18next": "^21.6.0"
      }
    },
    "../../plugins/AddressSearch": {
      "name": "@polar/plugin-address-search",
      "version": "1.2.1",
      "license": "EUPL-1.2",
      "dependencies": {
        "@polar/lib-get-features": "^1.0.0",
        "lodash.debounce": "^4.0.8"
      },
      "devDependencies": {
        "@polar/lib-custom-types": "^1.0.0"
      },
      "peerDependencies": {
        "@masterportal/masterportalapi": "2.8.0",
        "@repositoryname/vuex-generators": "^1.1.2",
        "ol": "7.1.0",
        "vue": "^2.6.14",
        "vuex": "^3.6.2"
      }
    },
    "../../plugins/AddressSearch/node_modules/@polar/lib-custom-types": {
      "resolved": "../../types/custom",
      "link": true
    },
    "../../plugins/AddressSearch/node_modules/@polar/lib-get-features": {
      "resolved": "../../lib/getFeatures",
      "link": true
    },
    "../../plugins/Attributions": {
      "name": "@polar/plugin-attributions",
      "version": "1.2.1",
      "license": "EUPL-1.2",
      "devDependencies": {
        "@polar/lib-custom-types": "^1.0.0",
        "@polar/lib-test-mount-parameters": "^1.0.0"
      },
      "peerDependencies": {
        "@repositoryname/noop": "^1.0.6",
        "@repositoryname/vuex-generators": "^1.1.2",
        "ol": "^7.1.0",
        "vue": "^2.6.14",
        "vuex": "^3.6.2"
      }
    },
    "../../plugins/Attributions/node_modules/@polar/lib-custom-types": {
      "resolved": "../../types/custom",
      "link": true
    },
    "../../plugins/Attributions/node_modules/@polar/lib-test-mount-parameters": {
      "resolved": "../../lib/testMountParameters",
      "link": true
    },
    "../../plugins/Draw": {
      "name": "@polar/plugin-draw",
      "version": "1.1.0",
      "license": "EUPL-1.2",
      "devDependencies": {
        "@polar/lib-custom-types": "^1.0.0"
      },
      "peerDependencies": {
        "@repositoryname/vuex-generators": "^1.1.2",
        "ol": "^7.1.0",
        "vue": "^2.6.14",
        "vuex": "^3.6.2"
      }
    },
    "../../plugins/Draw/node_modules/@polar/lib-custom-types": {
      "resolved": "../../types/custom",
      "link": true
    },
    "../../plugins/Export": {
      "name": "@polar/plugin-export",
      "version": "1.2.0",
      "license": "EUPL-1.2",
      "dependencies": {
        "jspdf": "^2.4.0"
      },
      "devDependencies": {
        "@polar/lib-custom-types": "^1.0.0"
      },
      "peerDependencies": {
        "@repositoryname/vuex-generators": "^1.1.2",
        "vue": "^2.6.14",
        "vuex": "^3.6.2"
      }
    },
    "../../plugins/Export/node_modules/@polar/lib-custom-types": {
      "resolved": "../../types/custom",
      "link": true
    },
    "../../plugins/Fullscreen": {
      "name": "@polar/plugin-fullscreen",
      "version": "1.2.1",
      "license": "EUPL-1.2",
      "dependencies": {
        "@masterportal/masterportalapi": "2.8.0"
      },
      "devDependencies": {
        "@polar/lib-custom-types": "^1.0.0",
        "@polar/lib-test-mount-parameters": "^1.0.0"
      }
    },
    "../../plugins/Fullscreen/node_modules/@polar/lib-custom-types": {
      "resolved": "../../types/custom",
      "link": true
    },
    "../../plugins/Fullscreen/node_modules/@polar/lib-test-mount-parameters": {
      "resolved": "../../lib/testMountParameters",
      "link": true
    },
    "../../plugins/GeoLocation": {
      "name": "@polar/plugin-geo-location",
      "version": "1.3.0",
      "license": "EUPL-1.2",
      "devDependencies": {
        "@polar/lib-custom-types": "^1.0.0",
        "@polar/lib-passes-boundary-check": "^2.0.0",
        "@polar/lib-test-mount-parameters": "^1.0.0",
        "@polar/lib-tooltip": "^1.0.0"
      }
    },
    "../../plugins/GeoLocation/node_modules/@polar/lib-custom-types": {
      "resolved": "../../types/custom",
      "link": true
    },
    "../../plugins/GeoLocation/node_modules/@polar/lib-passes-boundary-check": {
      "resolved": "../../lib/passesBoundaryCheck",
      "link": true
    },
    "../../plugins/GeoLocation/node_modules/@polar/lib-test-mount-parameters": {
      "resolved": "../../lib/testMountParameters",
      "link": true
    },
    "../../plugins/GeoLocation/node_modules/@polar/lib-tooltip": {
      "resolved": "../../lib/tooltip",
      "link": true
    },
    "../../plugins/Gfi": {
      "name": "@polar/plugin-gfi",
      "version": "1.2.2",
      "license": "EUPL-1.2",
      "dependencies": {
        "just-compare": "^2.3.0",
        "lodash.debounce": "^4.0.8"
      },
      "devDependencies": {
        "@polar/lib-custom-types": "^1.2.0",
        "@polar/lib-get-cluster": "^1.0.0",
        "@polar/lib-invisible-style": "^1.0.0",
        "@polar/lib-test-mount-parameters": "^1.1.0",
        "@polar/lib-tooltip": "^1.0.0"
      },
      "peerDependencies": {
        "@masterportal/masterportalapi": "2.8.0",
        "@repositoryname/vuex-generators": "^1.1.2",
        "ol": "^7.1.0",
        "vue": "^2.6.14",
        "vuex": "^3.6.2"
      }
    },
    "../../plugins/Gfi/node_modules/@polar/lib-custom-types": {
      "resolved": "../../types/custom",
      "link": true
    },
    "../../plugins/Gfi/node_modules/@polar/lib-get-cluster": {
      "resolved": "../../lib/getCluster",
      "link": true
    },
    "../../plugins/Gfi/node_modules/@polar/lib-invisible-style": {
      "resolved": "../../lib/invisibleStyle",
      "link": true
    },
    "../../plugins/Gfi/node_modules/@polar/lib-test-mount-parameters": {
      "resolved": "../../lib/testMountParameters",
      "link": true
    },
    "../../plugins/Gfi/node_modules/@polar/lib-tooltip": {
      "resolved": "../../lib/tooltip",
      "link": true
    },
    "../../plugins/IconMenu": {
      "name": "@polar/plugin-icon-menu",
      "version": "1.2.0",
      "license": "EUPL-1.2",
      "devDependencies": {
        "@polar/lib-custom-types": "^1.2.0",
        "@polar/lib-test-mount-parameters": "^1.1.0"
      },
      "peerDependencies": {
        "@repositoryname/vuex-generators": "^1.1.2",
        "vue": "^2.6.14",
        "vuex": "^3.6.2"
      }
    },
    "../../plugins/IconMenu/node_modules/@polar/lib-custom-types": {
      "resolved": "../../types/custom",
      "link": true
    },
    "../../plugins/IconMenu/node_modules/@polar/lib-test-mount-parameters": {
      "resolved": "../../lib/testMountParameters",
      "link": true
    },
    "../../plugins/LayerChooser": {
      "name": "@polar/plugin-layer-chooser",
      "version": "1.2.0",
      "license": "EUPL-1.2",
      "devDependencies": {
        "@polar/lib-custom-types": "^1.0.0",
        "@polar/lib-test-mount-parameters": "^1.0.0"
      },
      "peerDependencies": {
        "@repositoryname/vuex-generators": "^1.1.2",
        "vue": "^2.6.14",
        "vuex": "^3.6.2"
      }
    },
    "../../plugins/LayerChooser/node_modules/@polar/lib-custom-types": {
      "resolved": "../../types/custom",
      "link": true
    },
    "../../plugins/LayerChooser/node_modules/@polar/lib-test-mount-parameters": {
      "resolved": "../../lib/testMountParameters",
      "link": true
    },
    "../../plugins/Legend": {
      "name": "@polar/plugin-legend",
      "version": "1.1.0",
      "license": "EUPL-1.2",
      "devDependencies": {
        "@polar/lib-custom-types": "^1.0.0"
      },
      "peerDependencies": {
        "@masterportal/masterportalapi": "2.8.0"
      }
    },
    "../../plugins/Legend/node_modules/@polar/lib-custom-types": {
      "resolved": "../../types/custom",
      "link": true
    },
    "../../plugins/LoadingIndicator": {
      "name": "@polar/plugin-loading-indicator",
      "version": "1.1.0",
      "license": "EUPL-1.2",
      "devDependencies": {
        "@polar/lib-custom-types": "^1.0.0"
      },
      "peerDependencies": {
        "vue": "^2.6.14",
        "vuex": "^3.6.2"
      }
    },
    "../../plugins/LoadingIndicator/node_modules/@polar/lib-custom-types": {
      "resolved": "../../types/custom",
      "link": true
    },
    "../../plugins/Pins": {
      "name": "@polar/plugin-pins",
      "version": "1.3.0",
      "license": "EUPL-1.2",
      "dependencies": {
        "@polar/lib-idx": "*"
      },
      "devDependencies": {
        "@polar/lib-custom-types": "^1.0.0",
        "@polar/lib-idx": "^1.0.0",
        "@polar/lib-passes-boundary-check": "^2.0.0",
        "@polar/lib-test-mount-parameters": "^1.0.0"
      },
      "peerDependencies": {
        "@repositoryname/vuex-generators": "^1.1.2",
        "ol": "^7.1.0",
        "vue": "^2.6.14",
        "vuex": "^3.6.2"
      }
    },
    "../../plugins/Pins/node_modules/@polar/lib-custom-types": {
      "resolved": "../../types/custom",
      "link": true
    },
    "../../plugins/Pins/node_modules/@polar/lib-idx": {
      "resolved": "../../lib/idx",
      "link": true
    },
    "../../plugins/Pins/node_modules/@polar/lib-passes-boundary-check": {
      "resolved": "../../lib/passesBoundaryCheck",
      "link": true
    },
    "../../plugins/Pins/node_modules/@polar/lib-test-mount-parameters": {
      "resolved": "../../lib/testMountParameters",
      "link": true
    },
    "../../plugins/ReverseGeocoder": {
      "name": "@polar/plugin-reverse-geocoder",
      "version": "1.2.0",
      "license": "EUPL-1.2",
      "devDependencies": {
        "@polar/lib-custom-types": "^1.0.0",
        "lodash.mapvalues": "^4.6.0"
      },
      "peerDependencies": {
        "ol": "^7.1.0",
        "xml2js": "^0.4.23"
      }
    },
    "../../plugins/ReverseGeocoder/node_modules/@polar/lib-custom-types": {
      "resolved": "../../types/custom",
      "link": true
    },
    "../../plugins/Scale": {
      "name": "@polar/plugin-scale",
      "version": "1.1.0",
      "license": "EUPL-1.2",
      "devDependencies": {
        "@polar/lib-custom-types": "^1.0.0",
        "@polar/lib-test-mount-parameters": "^1.0.0"
      },
      "peerDependencies": {
        "@repositoryname/vuex-generators": "^1.1.2",
        "i18next": "^21.6.0",
        "ol": "^7.1.0",
        "vue": "^2.6.14",
        "vuex": "^3.6.2"
      }
    },
    "../../plugins/Scale/node_modules/@polar/lib-custom-types": {
      "resolved": "../../types/custom",
      "link": true
    },
    "../../plugins/Scale/node_modules/@polar/lib-test-mount-parameters": {
      "resolved": "../../lib/testMountParameters",
      "link": true
    },
    "../../plugins/Toast": {
      "name": "@polar/plugin-toast",
      "version": "1.1.0",
      "license": "EUPL-1.2",
      "dependencies": {
        "lodash.merge": "^4.6.2"
      },
      "devDependencies": {
        "@polar/lib-custom-types": "^1.0.0",
        "@polar/lib-test-mount-parameters": "^1.0.0"
      },
      "peerDependencies": {
        "@repositoryname/vuex-generators": "^1.1.2",
        "vue": "^2.6.14",
        "vuex": "^3.6.2"
      }
    },
    "../../plugins/Toast/node_modules/@polar/lib-custom-types": {
      "resolved": "../../types/custom",
      "link": true
    },
    "../../plugins/Toast/node_modules/@polar/lib-test-mount-parameters": {
      "resolved": "../../lib/testMountParameters",
      "link": true
    },
    "../../plugins/Zoom": {
      "name": "@polar/plugin-zoom",
      "version": "1.2.0",
      "license": "EUPL-1.2",
      "devDependencies": {
        "@polar/lib-custom-types": "^1.0.0",
        "@polar/lib-test-mount-parameters": "^1.0.0"
      },
      "peerDependencies": {
        "@repositoryname/vuex-generators": "^1.1.2",
        "vue": "^2.6.14",
        "vuex": "^3.6.2"
      }
    },
    "../../plugins/Zoom/node_modules/@polar/lib-custom-types": {
      "resolved": "../../types/custom",
      "link": true
    },
    "../../plugins/Zoom/node_modules/@polar/lib-test-mount-parameters": {
      "resolved": "../../lib/testMountParameters",
      "link": true
    },
    "../../types/custom": {
      "name": "@polar/lib-custom-types",
      "version": "1.4.1",
      "dev": true,
      "license": "EUPL-1.2"
    },
    "node_modules/@polar/core": {
      "resolved": "../../core",
      "link": true
    },
    "node_modules/@polar/lib-custom-types": {
      "resolved": "../../types/custom",
      "link": true
    },
    "node_modules/@polar/plugin-address-search": {
      "resolved": "../../plugins/AddressSearch",
      "link": true
    },
    "node_modules/@polar/plugin-attributions": {
      "resolved": "../../plugins/Attributions",
      "link": true
    },
    "node_modules/@polar/plugin-draw": {
      "resolved": "../../plugins/Draw",
      "link": true
    },
    "node_modules/@polar/plugin-export": {
      "resolved": "../../plugins/Export",
      "link": true
    },
    "node_modules/@polar/plugin-fullscreen": {
      "resolved": "../../plugins/Fullscreen",
      "link": true
    },
    "node_modules/@polar/plugin-geo-location": {
      "resolved": "../../plugins/GeoLocation",
      "link": true
    },
    "node_modules/@polar/plugin-gfi": {
      "resolved": "../../plugins/Gfi",
      "link": true
    },
    "node_modules/@polar/plugin-icon-menu": {
      "resolved": "../../plugins/IconMenu",
      "link": true
    },
    "node_modules/@polar/plugin-layer-chooser": {
      "resolved": "../../plugins/LayerChooser",
      "link": true
    },
    "node_modules/@polar/plugin-legend": {
      "resolved": "../../plugins/Legend",
      "link": true
    },
    "node_modules/@polar/plugin-loading-indicator": {
      "resolved": "../../plugins/LoadingIndicator",
      "link": true
    },
    "node_modules/@polar/plugin-pins": {
      "resolved": "../../plugins/Pins",
      "link": true
    },
    "node_modules/@polar/plugin-reverse-geocoder": {
      "resolved": "../../plugins/ReverseGeocoder",
      "link": true
    },
    "node_modules/@polar/plugin-scale": {
      "resolved": "../../plugins/Scale",
      "link": true
    },
    "node_modules/@polar/plugin-toast": {
      "resolved": "../../plugins/Toast",
      "link": true
    },
    "node_modules/@polar/plugin-zoom": {
      "resolved": "../../plugins/Zoom",
      "link": true
    }
  }
}
